// !$*UTF8*$!
{
	archiveVersion = 1;
	classes = {
	};
	objectVersion = 50;
	objects = {

/* Begin PBXBuildFile section */
		62C84D3326F548C9001D498A /* AppDelegate.swift in Sources */ = {isa = PBXBuildFile; fileRef = 62C84D3226F548C9001D498A /* AppDelegate.swift */; };
		62C84D3526F548C9001D498A /* SceneDelegate.swift in Sources */ = {isa = PBXBuildFile; fileRef = 62C84D3426F548C9001D498A /* SceneDelegate.swift */; };
		62C84D3A26F548C9001D498A /* Main.storyboard in Resources */ = {isa = PBXBuildFile; fileRef = 62C84D3826F548C9001D498A /* Main.storyboard */; };
		62C84D3C26F548CB001D498A /* Assets.xcassets in Resources */ = {isa = PBXBuildFile; fileRef = 62C84D3B26F548CB001D498A /* Assets.xcassets */; };
		62C84D3F26F548CB001D498A /* LaunchScreen.storyboard in Resources */ = {isa = PBXBuildFile; fileRef = 62C84D3D26F548CB001D498A /* LaunchScreen.storyboard */; };
		62C84D4726F54CD4001D498A /* TarefasTableViewController.swift in Sources */ = {isa = PBXBuildFile; fileRef = 62C84D4626F54CD4001D498A /* TarefasTableViewController.swift */; };
		62C84D4926F54D8F001D498A /* CadastroViewController.swift in Sources */ = {isa = PBXBuildFile; fileRef = 62C84D4826F54D8F001D498A /* CadastroViewController.swift */; };
		62C84D4B26F54EA0001D498A /* TarefaUserDefaults.swift in Sources */ = {isa = PBXBuildFile; fileRef = 62C84D4A26F54EA0001D498A /* TarefaUserDefaults.swift */; };
/* End PBXBuildFile section */

/* Begin PBXFileReference section */
		62C84D2F26F548C9001D498A /* lista de tarefas.app */ = {isa = PBXFileReference; explicitFileType = wrapper.application; includeInIndex = 0; path = "lista de tarefas.app"; sourceTree = BUILT_PRODUCTS_DIR; };
		62C84D3226F548C9001D498A /* AppDelegate.swift */ = {isa = PBXFileReference; lastKnownFileType = sourcecode.swift; path = AppDelegate.swift; sourceTree = "<group>"; };
		62C84D3426F548C9001D498A /* SceneDelegate.swift */ = {isa = PBXFileReference; lastKnownFileType = sourcecode.swift; path = SceneDelegate.swift; sourceTree = "<group>"; };
		62C84D3926F548C9001D498A /* Base */ = {isa = PBXFileReference; lastKnownFileType = file.storyboard; name = Base; path = Base.lproj/Main.storyboard; sourceTree = "<group>"; };
		62C84D3B26F548CB001D498A /* Assets.xcassets */ = {isa = PBXFileReference; lastKnownFileType = folder.assetcatalog; path = Assets.xcassets; sourceTree = "<group>"; };
		62C84D3E26F548CB001D498A /* Base */ = {isa = PBXFileReference; lastKnownFileType = file.storyboard; name = Base; path = Base.lproj/LaunchScreen.storyboard; sourceTree = "<group>"; };
		62C84D4026F548CB001D498A /* Info.plist */ = {isa = PBXFileReference; lastKnownFileType = text.plist.xml; path = Info.plist; sourceTree = "<group>"; };
		62C84D4626F54CD4001D498A /* TarefasTableViewController.swift */ = {isa = PBXFileReference; lastKnownFileType = sourcecode.swift; path = TarefasTableViewController.swift; sourceTree = "<group>"; };
		62C84D4826F54D8F001D498A /* CadastroViewController.swift */ = {isa = PBXFileReference; lastKnownFileType = sourcecode.swift; path = CadastroViewController.swift; sourceTree = "<group>"; };
		62C84D4A26F54EA0001D498A /* TarefaUserDefaults.swift */ = {isa = PBXFileReference; lastKnownFileType = sourcecode.swift; path = TarefaUserDefaults.swift; sourceTree = "<group>"; };
/* End PBXFileReference section */

/* Begin PBXFrameworksBuildPhase section */
		62C84D2C26F548C9001D498A /* Frameworks */ = {
			isa = PBXFrameworksBuildPhase;
			buildActionMask = 2147483647;
			files = (
			);
			runOnlyForDeploymentPostprocessing = 0;
		};
/* End PBXFrameworksBuildPhase section */

/* Begin PBXGroup section */
		62C84D2626F548C9001D498A = {
			isa = PBXGroup;
			children = (
				62C84D3126F548C9001D498A /* lista de tarefas */,
				62C84D3026F548C9001D498A /* Products */,
			);
			sourceTree = "<group>";
		};
		62C84D3026F548C9001D498A /* Products */ = {
			isa = PBXGroup;
			children = (
				62C84D2F26F548C9001D498A /* lista de tarefas.app */,
			);
			name = Products;
			sourceTree = "<group>";
		};
		62C84D3126F548C9001D498A /* lista de tarefas */ = {
			isa = PBXGroup;
			children = (
				62C84D3226F548C9001D498A /* AppDelegate.swift */,
				62C84D3426F548C9001D498A /* SceneDelegate.swift */,
				62C84D3826F548C9001D498A /* Main.storyboard */,
				62C84D3B26F548CB001D498A /* Assets.xcassets */,
				62C84D3D26F548CB001D498A /* LaunchScreen.storyboard */,
				62C84D4026F548CB001D498A /* Info.plist */,
				62C84D4626F54CD4001D498A /* TarefasTableViewController.swift */,
				62C84D4826F54D8F001D498A /* CadastroViewController.swift */,
				62C84D4A26F54EA0001D498A /* TarefaUserDefaults.swift */,
			);
			path = "lista de tarefas";
			sourceTree = "<group>";
		};
/* End PBXGroup section */

/* Begin PBXNativeTarget section */
		62C84D2E26F548C9001D498A /* lista de tarefas */ = {
			isa = PBXNativeTarget;
			buildConfigurationList = 62C84D4326F548CB001D498A /* Build configuration list for PBXNativeTarget "lista de tarefas" */;
			buildPhases = (
				62C84D2B26F548C9001D498A /* Sources */,
				62C84D2C26F548C9001D498A /* Frameworks */,
				62C84D2D26F548C9001D498A /* Resources */,
			);
			buildRules = (
			);
			dependencies = (
			);
			name = "lista de tarefas";
			productName = "lista de tarefas";
			productReference = 62C84D2F26F548C9001D498A /* lista de tarefas.app */;
			productType = "com.apple.product-type.application";
		};
/* End PBXNativeTarget section */

/* Begin PBXProject section */
		62C84D2726F548C9001D498A /* Project object */ = {
			isa = PBXProject;
			attributes = {
				LastSwiftUpdateCheck = 1250;
				LastUpgradeCheck = 1250;
				TargetAttributes = {
					62C84D2E26F548C9001D498A = {
						CreatedOnToolsVersion = 12.5.1;
					};
				};
			};
			buildConfigurationList = 62C84D2A26F548C9001D498A /* Build configuration list for PBXProject "lista de tarefas" */;
			compatibilityVersion = "Xcode 9.3";
			developmentRegion = en;
			hasScannedForEncodings = 0;
			knownRegions = (
				en,
				Base,
			);
			mainGroup = 62C84D2626F548C9001D498A;
			productRefGroup = 62C84D3026F548C9001D498A /* Products */;
			projectDirPath = "";
			projectRoot = "";
			targets = (
				62C84D2E26F548C9001D498A /* lista de tarefas */,
			);
		};
/* End PBXProject section */

/* Begin PBXResourcesBuildPhase section */
		62C84D2D26F548C9001D498A /* Resources */ = {
			isa = PBXResourcesBuildPhase;
			buildActionMask = 2147483647;
			files = (
				62C84D3F26F548CB001D498A /* LaunchScreen.storyboard in Resources */,
				62C84D3C26F548CB001D498A /* Assets.xcassets in Resources */,
				62C84D3A26F548C9001D498A /* Main.storyboard in Resources */,
			);
			runOnlyForDeploymentPostprocessing = 0;
		};
/* End PBXResourcesBuildPhase section */

/* Begin PBXSourcesBuildPhase section */
		62C84D2B26F548C9001D498A /* Sources */ = {
			isa = PBXSourcesBuildPhase;
			buildActionMask = 2147483647;
			files = (
				62C84D3326F548C9001D498A /* AppDelegate.swift in Sources */,
				62C84D4726F54CD4001D498A /* TarefasTableViewController.swift in Sources */,
				62C84D4B26F54EA0001D498A /* TarefaUserDefaults.swift in Sources */,
				62C84D3526F548C9001D498A /* SceneDelegate.swift in Sources */,
				62C84D4926F54D8F001D498A /* CadastroViewController.swift in Sources */,
			);
			runOnlyForDeploymentPostprocessing = 0;
		};
/* End PBXSourcesBuildPhase section */

/* Begin PBXVariantGroup section */
		62C84D3826F548C9001D498A /* Main.storyboard */ = {
			isa = PBXVariantGroup;
			children = (
				62C84D3926F548C9001D498A /* Base */,
			);
			name = Main.storyboard;
			sourceTree = "<group>";
		};
		62C84D3D26F548CB001D498A /* LaunchScreen.storyboard */ = {
			isa = PBXVariantGroup;
			children = (
				62C84D3E26F548CB001D498A /* Base */,
			);
			name = LaunchScreen.storyboard;
			sourceTree = "<group>";
		};
/* End PBXVariantGroup section */

/* Begin XCBuildConfiguration section */
		62C84D4126F548CB001D498A /* Debug */ = {
			isa = XCBuildConfiguration;
			buildSettings = {
				ALWAYS_SEARCH_USER_PATHS = NO;
				CLANG_ANALYZER_NONNULL = YES;
				CLANG_ANALYZER_NUMBER_OBJECT_CONVERSION = YES_AGGRESSIVE;
				CLANG_CXX_LANGUAGE_STANDARD = "gnu++14";
				CLANG_CXX_LIBRARY = "libc++";
				CLANG_ENABLE_MODULES = YES;
				CLANG_ENABLE_OBJC_ARC = YES;
				CLANG_ENABLE_OBJC_WEAK = YES;
				CLANG_WARN_BLOCK_CAPTURE_AUTORELEASING = YES;
				CLANG_WARN_BOOL_CONVERSION = YES;
				CLANG_WARN_COMMA = YES;
				CLANG_WARN_CONSTANT_CONVERSION = YES;
				CLANG_WARN_DEPRECATED_OBJC_IMPLEMENTATIONS = YES;
				CLANG_WARN_DIRECT_OBJC_ISA_USAGE = YES_ERROR;
				CLANG_WARN_DOCUMENTATION_COMMENTS = YES;
				CLANG_WARN_EMPTY_BODY = YES;
				CLANG_WARN_ENUM_CONVERSION = YES;
				CLANG_WARN_INFINITE_RECURSION = YES;
				CLANG_WARN_INT_CONVERSION = YES;
				CLANG_WARN_NON_LITERAL_NULL_CONVERSION = YES;
				CLANG_WARN_OBJC_IMPLICIT_RETAIN_SELF = YES;
				CLANG_WARN_OBJC_LITERAL_CONVERSION = YES;
				CLANG_WARN_OBJC_ROOT_CLASS = YES_ERROR;
				CLANG_WARN_QUOTED_INCLUDE_IN_FRAMEWORK_HEADER = YES;
				CLANG_WARN_RANGE_LOOP_ANALYSIS = YES;
				CLANG_WARN_STRICT_PROTOTYPES = YES;
				CLANG_WARN_SUSPICIOUS_MOVE = YES;
				CLANG_WARN_UNGUARDED_AVAILABILITY = YES_AGGRESSIVE;
				CLANG_WARN_UNREACHABLE_CODE = YES;
				CLANG_WARN__DUPLICATE_METHOD_MATCH = YES;
				COPY_PHASE_STRIP = NO;
				DEBUG_INFORMATION_FORMAT = dwarf;
				ENABLE_STRICT_OBJC_MSGSEND = YES;
				ENABLE_TESTABILITY = YES;
				GCC_C_LANGUAGE_STANDARD = gnu11;
				GCC_DYNAMIC_NO_PIC = NO;
				GCC_NO_COMMON_BLOCKS = YES;
				GCC_OPTIMIZATION_LEVEL = 0;
				GCC_PREPROCESSOR_DEFINITIONS = (
					"DEBUG=1",
					"$(inherited)",
				);
				GCC_WARN_64_TO_32_BIT_CONVERSION = YES;
				GCC_WARN_ABOUT_RETURN_TYPE = YES_ERROR;
				GCC_WARN_UNDECLARED_SELECTOR = YES;
				GCC_WARN_UNINITIALIZED_AUTOS = YES_AGGRESSIVE;
				GCC_WARN_UNUSED_FUNCTION = YES;
				GCC_WARN_UNUSED_VARIABLE = YES;
				IPHONEOS_DEPLOYMENT_TARGET = 14.5;
				MTL_ENABLE_DEBUG_INFO = INCLUDE_SOURCE;
				MTL_FAST_MATH = YES;
				ONLY_ACTIVE_ARCH = YES;
				SDKROOT = iphoneos;
				SWIFT_ACTIVE_COMPILATION_CONDITIONS = DEBUG;
				SWIFT_OPTIMIZATION_LEVEL = "-Onone";
			};
			name = Debug;
		};
		62C84D4226F548CB001D498A /* Release */ = {
			isa = XCBuildConfiguration;
			buildSettings = {
				ALWAYS_SEARCH_USER_PATHS = NO;
				CLANG_ANALYZER_NONNULL = YES;
				CLANG_ANALYZER_NUMBER_OBJECT_CONVERSION = YES_AGGRESSIVE;
				CLANG_CXX_LANGUAGE_STANDARD = "gnu++14";
				CLANG_CXX_LIBRARY = "libc++";
				CLANG_ENABLE_MODULES = YES;
				CLANG_ENABLE_OBJC_ARC = YES;
				CLANG_ENABLE_OBJC_WEAK = YES;
				CLANG_WARN_BLOCK_CAPTURE_AUTORELEASING = YES;
				CLANG_WARN_BOOL_CONVERSION = YES;
				CLANG_WARN_COMMA = YES;
				CLANG_WARN_CONSTANT_CONVERSION = YES;
				CLANG_WARN_DEPRECATED_OBJC_IMPLEMENTATIONS = YES;
				CLANG_WARN_DIRECT_OBJC_ISA_USAGE = YES_ERROR;
				CLANG_WARN_DOCUMENTATION_COMMENTS = YES;
				CLANG_WARN_EMPTY_BODY = YES;
				CLANG_WARN_ENUM_CONVERSION = YES;
				CLANG_WARN_INFINITE_RECURSION = YES;
				CLANG_WARN_INT_CONVERSION = YES;
				CLANG_WARN_NON_LITERAL_NULL_CONVERSION = YES;
				CLANG_WARN_OBJC_IMPLICIT_RETAIN_SELF = YES;
				CLANG_WARN_OBJC_LITERAL_CONVERSION = YES;
				CLANG_WARN_OBJC_ROOT_CLASS = YES_ERROR;
				CLANG_WARN_QUOTED_INCLUDE_IN_FRAMEWORK_HEADER = YES;
				CLANG_WARN_RANGE_LOOP_ANALYSIS = YES;
				CLANG_WARN_STRICT_PROTOTYPES = YES;
				CLANG_WARN_SUSPICIOUS_MOVE = YES;
				CLANG_WARN_UNGUARDED_AVAILABILITY = YES_AGGRESSIVE;
				CLANG_WARN_UNREACHABLE_CODE = YES;
				CLANG_WARN__DUPLICATE_METHOD_MATCH = YES;
				COPY_PHASE_STRIP = NO;
				DEBUG_INFORMATION_FORMAT = "dwarf-with-dsym";
				ENABLE_NS_ASSERTIONS = NO;
				ENABLE_STRICT_OBJC_MSGSEND = YES;
				GCC_C_LANGUAGE_STANDARD = gnu11;
				GCC_NO_COMMON_BLOCKS = YES;
				GCC_WARN_64_TO_32_BIT_CONVERSION = YES;
				GCC_WARN_ABOUT_RETURN_TYPE = YES_ERROR;
				GCC_WARN_UNDECLARED_SELECTOR = YES;
				GCC_WARN_UNINITIALIZED_AUTOS = YES_AGGRESSIVE;
				GCC_WARN_UNUSED_FUNCTION = YES;
				GCC_WARN_UNUSED_VARIABLE = YES;
				IPHONEOS_DEPLOYMENT_TARGET = 14.5;
				MTL_ENABLE_DEBUG_INFO = NO;
				MTL_FAST_MATH = YES;
				SDKROOT = iphoneos;
				SWIFT_COMPILATION_MODE = wholemodule;
				SWIFT_OPTIMIZATION_LEVEL = "-O";
				VALIDATE_PRODUCT = YES;
			};
			name = Release;
		};
		62C84D4426F548CB001D498A /* Debug */ = {
			isa = XCBuildConfiguration;
			buildSettings = {
				ASSETCATALOG_COMPILER_APPICON_NAME = AppIcon;
				ASSETCATALOG_COMPILER_GLOBAL_ACCENT_COLOR_NAME = AccentColor;
				CODE_SIGN_STYLE = Automatic;
				INFOPLIST_FILE = "lista de tarefas/Info.plist";
				LD_RUNPATH_SEARCH_PATHS = (
					"$(inherited)",
					"@executable_path/Frameworks",
				);
				PRODUCT_BUNDLE_IDENTIFIER = "com.cursoios.lista-de-tarefas";
				PRODUCT_NAME = "$(TARGET_NAME)";
				SWIFT_VERSION = 5.0;
				TARGETED_DEVICE_FAMILY = "1,2";
			};
			name = Debug;
		};
		62C84D4526F548CB001D498A /* Release */ = {
			isa = XCBuildConfiguration;
			buildSettings = {
				ASSETCATALOG_COMPILER_APPICON_NAME = AppIcon;
				ASSETCATALOG_COMPILER_GLOBAL_ACCENT_COLOR_NAME = AccentColor;
				CODE_SIGN_STYLE = Automatic;
				INFOPLIST_FILE = "lista de tarefas/Info.plist";
				LD_RUNPATH_SEARCH_PATHS = (
					"$(inherited)",
					"@executable_path/Frameworks",
				);
				PRODUCT_BUNDLE_IDENTIFIER = "com.cursoios.lista-de-tarefas";
				PRODUCT_NAME = "$(TARGET_NAME)";
				SWIFT_VERSION = 5.0;
				TARGETED_DEVICE_FAMILY = "1,2";
			};
			name = Release;
		};
/* End XCBuildConfiguration section */

/* Begin XCConfigurationList section */
		62C84D2A26F548C9001D498A /* Build configuration list for PBXProject "lista de tarefas" */ = {
			isa = XCConfigurationList;
			buildConfigurations = (
				62C84D4126F548CB001D498A /* Debug */,
				62C84D4226F548CB001D498A /* Release */,
			);
			defaultConfigurationIsVisible = 0;
			defaultConfigurationName = Release;
		};
		62C84D4326F548CB001D498A /* Build configuration list for PBXNativeTarget "lista de tarefas" */ = {
			isa = XCConfigurationList;
			buildConfigurations = (
				62C84D4426F548CB001D498A /* Debug */,
				62C84D4526F548CB001D498A /* Release */,
			);
			defaultConfigurationIsVisible = 0;
			defaultConfigurationName = Release;
		};
/* End XCConfigurationList section */
	};
	rootObject = 62C84D2726F548C9001D498A /* Project object */;
}
